
Microsoft Visual Studio Solution File, Format Version 12.00
# Visual Studio 15
VisualStudioVersion = 15.0.26730.16
MinimumVisualStudioVersion = 10.0.40219.1
Project("{2150E333-8FDC-42A3-9474-1A3956D46DE8}") = "0_External", "0_External", "{8C2F0A23-4913-4603-8F3A-90FEC651BB69}"
EndProject
Project("{2150E333-8FDC-42A3-9474-1A3956D46DE8}") = "1_LeviathanBase", "1_LeviathanBase", "{77840663-B0DF-4184-95BB-8F7957820628}"
EndProject
Project("{2150E333-8FDC-42A3-9474-1A3956D46DE8}") = "2_LeviathanViewer", "2_LeviathanViewer", "{47E0B754-34D6-499A-AC21-EDD064A4E6B7}"
EndProject
Project("{8BC9CEB8-8B4A-11D0-8D11-00A0C91BC942}") = "glew", "3rdparty\glew\glew.vcxproj", "{C7217F52-1918-4B1F-9F12-810B8C2710ED}"
EndProject
Project("{8BC9CEB8-8B4A-11D0-8D11-00A0C91BC942}") = "glfw", "3rdparty\glfw\glfw.vcxproj", "{10B31A67-3187-39F5-8166-4BC9CB860D70}"
EndProject
Project("{8BC9CEB8-8B4A-11D0-8D11-00A0C91BC942}") = "SOIL", "3rdparty\SOIL\projects\VC9\SOIL.vcxproj", "{C32FB2B4-500C-43CD-A099-EECCE079D3F1}"
EndProject
Project("{8BC9CEB8-8B4A-11D0-8D11-00A0C91BC942}") = "Base", "src\Base\Base.vcxproj", "{183A93F0-079E-40E8-8BFB-F45FDE58C84E}"
EndProject
Project("{2150E333-8FDC-42A3-9474-1A3956D46DE8}") = "3_LeviathanApp", "3_LeviathanApp", "{D931A883-EC58-4AEC-87BB-544D5D913EC5}"
EndProject
Project("{8BC9CEB8-8B4A-11D0-8D11-00A0C91BC942}") = "LeviathanModelViewer", "src\LeviathanModelViewer\LeviathanModelViewer.vcxproj", "{B12702AD-ABFB-343A-A199-8E24837244A3}"
	ProjectSection(ProjectDependencies) = postProject
		{7B88C124-C6B8-46F6-94EB-81A61A915847} = {7B88C124-C6B8-46F6-94EB-81A61A915847}
		{5CBCFA4C-D4C9-4AB9-ADB4-F8CEC36B5576} = {5CBCFA4C-D4C9-4AB9-ADB4-F8CEC36B5576}
		{2A8399E2-22AE-4997-9606-A70E4332E1B0} = {2A8399E2-22AE-4997-9606-A70E4332E1B0}
	EndProjectSection
EndProject
Project("{8BC9CEB8-8B4A-11D0-8D11-00A0C91BC942}") = "Core", "src\Core\Core.vcxproj", "{2A8399E2-22AE-4997-9606-A70E4332E1B0}"
	ProjectSection(ProjectDependencies) = postProject
		{183A93F0-079E-40E8-8BFB-F45FDE58C84E} = {183A93F0-079E-40E8-8BFB-F45FDE58C84E}
	EndProjectSection
EndProject
Project("{8BC9CEB8-8B4A-11D0-8D11-00A0C91BC942}") = "LevScene", "src\LevScene\LevScene.vcxproj", "{7B88C124-C6B8-46F6-94EB-81A61A915847}"
	ProjectSection(ProjectDependencies) = postProject
		{2A8399E2-22AE-4997-9606-A70E4332E1B0} = {2A8399E2-22AE-4997-9606-A70E4332E1B0}
	EndProjectSection
EndProject
Project("{8BC9CEB8-8B4A-11D0-8D11-00A0C91BC942}") = "LevRenderer", "src\LevRenderer\LevRenderer.vcxproj", "{5CBCFA4C-D4C9-4AB9-ADB4-F8CEC36B5576}"
EndProject
Project("{8BC9CEB8-8B4A-11D0-8D11-00A0C91BC942}") = "SOFilterDebuger", "src\SOFilterDebuger\SOFilterDebuger.vcxproj", "{F94A9593-F92B-491A-B981-659882A945D5}"
	ProjectSection(ProjectDependencies) = postProject
		{7B88C124-C6B8-46F6-94EB-81A61A915847} = {7B88C124-C6B8-46F6-94EB-81A61A915847}
		{5CBCFA4C-D4C9-4AB9-ADB4-F8CEC36B5576} = {5CBCFA4C-D4C9-4AB9-ADB4-F8CEC36B5576}
		{2A8399E2-22AE-4997-9606-A70E4332E1B0} = {2A8399E2-22AE-4997-9606-A70E4332E1B0}
	EndProjectSection
EndProject
Project("{8BC9CEB8-8B4A-11D0-8D11-00A0C91BC942}") = "Leviathan_Editor", "Leviathan_Editor\Leviathan_Editor.vcxproj", "{5419C3DD-618F-4437-9BCA-4FAA3159B747}"
	ProjectSection(ProjectDependencies) = postProject
		{C5D1E332-6B9F-496D-94D8-F24CAAB0362D} = {C5D1E332-6B9F-496D-94D8-F24CAAB0362D}
	EndProjectSection
EndProject
Project("{8BC9CEB8-8B4A-11D0-8D11-00A0C91BC942}") = "LevViewer", "src\LevViewer\LevViewer.vcxproj", "{C5D1E332-6B9F-496D-94D8-F24CAAB0362D}"
	ProjectSection(ProjectDependencies) = postProject
		{7B88C124-C6B8-46F6-94EB-81A61A915847} = {7B88C124-C6B8-46F6-94EB-81A61A915847}
		{5CBCFA4C-D4C9-4AB9-ADB4-F8CEC36B5576} = {5CBCFA4C-D4C9-4AB9-ADB4-F8CEC36B5576}
	EndProjectSection
EndProject
Global
	GlobalSection(SolutionConfigurationPlatforms) = preSolution
		Debug|x64 = Debug|x64
		Debug|x86 = Debug|x86
		Release|x64 = Release|x64
		Release|x86 = Release|x86
	EndGlobalSection
	GlobalSection(ProjectConfigurationPlatforms) = postSolution
		{C7217F52-1918-4B1F-9F12-810B8C2710ED}.Debug|x64.ActiveCfg = Debug|x64
		{C7217F52-1918-4B1F-9F12-810B8C2710ED}.Debug|x64.Build.0 = Debug|x64
		{C7217F52-1918-4B1F-9F12-810B8C2710ED}.Debug|x86.ActiveCfg = Debug|Win32
		{C7217F52-1918-4B1F-9F12-810B8C2710ED}.Debug|x86.Build.0 = Debug|Win32
		{C7217F52-1918-4B1F-9F12-810B8C2710ED}.Release|x64.ActiveCfg = Release|x64
		{C7217F52-1918-4B1F-9F12-810B8C2710ED}.Release|x64.Build.0 = Release|x64
		{C7217F52-1918-4B1F-9F12-810B8C2710ED}.Release|x86.ActiveCfg = Release|Win32
		{C7217F52-1918-4B1F-9F12-810B8C2710ED}.Release|x86.Build.0 = Release|Win32
		{10B31A67-3187-39F5-8166-4BC9CB860D70}.Debug|x64.ActiveCfg = Debug|x64
		{10B31A67-3187-39F5-8166-4BC9CB860D70}.Debug|x64.Build.0 = Debug|x64
		{10B31A67-3187-39F5-8166-4BC9CB860D70}.Debug|x86.ActiveCfg = Debug|x64
		{10B31A67-3187-39F5-8166-4BC9CB860D70}.Release|x64.ActiveCfg = Release|x64
		{10B31A67-3187-39F5-8166-4BC9CB860D70}.Release|x64.Build.0 = Release|x64
		{10B31A67-3187-39F5-8166-4BC9CB860D70}.Release|x86.ActiveCfg = Release|x64
		{C32FB2B4-500C-43CD-A099-EECCE079D3F1}.Debug|x64.ActiveCfg = Debug|x64
		{C32FB2B4-500C-43CD-A099-EECCE079D3F1}.Debug|x64.Build.0 = Debug|x64
		{C32FB2B4-500C-43CD-A099-EECCE079D3F1}.Debug|x86.ActiveCfg = Debug|Win32
		{C32FB2B4-500C-43CD-A099-EECCE079D3F1}.Debug|x86.Build.0 = Debug|Win32
		{C32FB2B4-500C-43CD-A099-EECCE079D3F1}.Release|x64.ActiveCfg = Release|x64
		{C32FB2B4-500C-43CD-A099-EECCE079D3F1}.Release|x64.Build.0 = Release|x64
		{C32FB2B4-500C-43CD-A099-EECCE079D3F1}.Release|x86.ActiveCfg = Release|Win32
		{C32FB2B4-500C-43CD-A099-EECCE079D3F1}.Release|x86.Build.0 = Release|Win32
		{183A93F0-079E-40E8-8BFB-F45FDE58C84E}.Debug|x64.ActiveCfg = Debug|x64
		{183A93F0-079E-40E8-8BFB-F45FDE58C84E}.Debug|x64.Build.0 = Debug|x64
		{183A93F0-079E-40E8-8BFB-F45FDE58C84E}.Debug|x86.ActiveCfg = Debug|Win32
		{183A93F0-079E-40E8-8BFB-F45FDE58C84E}.Debug|x86.Build.0 = Debug|Win32
		{183A93F0-079E-40E8-8BFB-F45FDE58C84E}.Release|x64.ActiveCfg = Release|x64
		{183A93F0-079E-40E8-8BFB-F45FDE58C84E}.Release|x64.Build.0 = Release|x64
		{183A93F0-079E-40E8-8BFB-F45FDE58C84E}.Release|x86.ActiveCfg = Release|Win32
		{183A93F0-079E-40E8-8BFB-F45FDE58C84E}.Release|x86.Build.0 = Release|Win32
		{B12702AD-ABFB-343A-A199-8E24837244A3}.Debug|x64.ActiveCfg = Debug|x64
		{B12702AD-ABFB-343A-A199-8E24837244A3}.Debug|x64.Build.0 = Debug|x64
		{B12702AD-ABFB-343A-A199-8E24837244A3}.Debug|x86.ActiveCfg = Debug|x64
		{B12702AD-ABFB-343A-A199-8E24837244A3}.Release|x64.ActiveCfg = Release|x64
		{B12702AD-ABFB-343A-A199-8E24837244A3}.Release|x64.Build.0 = Release|x64
		{B12702AD-ABFB-343A-A199-8E24837244A3}.Release|x86.ActiveCfg = Release|x64
		{2A8399E2-22AE-4997-9606-A70E4332E1B0}.Debug|x64.ActiveCfg = Debug|x64
		{2A8399E2-22AE-4997-9606-A70E4332E1B0}.Debug|x64.Build.0 = Debug|x64
		{2A8399E2-22AE-4997-9606-A70E4332E1B0}.Debug|x86.ActiveCfg = Debug|Win32
		{2A8399E2-22AE-4997-9606-A70E4332E1B0}.Debug|x86.Build.0 = Debug|Win32
		{2A8399E2-22AE-4997-9606-A70E4332E1B0}.Release|x64.ActiveCfg = Release|x64
		{2A8399E2-22AE-4997-9606-A70E4332E1B0}.Release|x64.Build.0 = Release|x64
		{2A8399E2-22AE-4997-9606-A70E4332E1B0}.Release|x86.ActiveCfg = Release|Win32
		{2A8399E2-22AE-4997-9606-A70E4332E1B0}.Release|x86.Build.0 = Release|Win32
		{7B88C124-C6B8-46F6-94EB-81A61A915847}.Debug|x64.ActiveCfg = Debug|x64
		{7B88C124-C6B8-46F6-94EB-81A61A915847}.Debug|x64.Build.0 = Debug|x64
		{7B88C124-C6B8-46F6-94EB-81A61A915847}.Debug|x86.ActiveCfg = Debug|Win32
		{7B88C124-C6B8-46F6-94EB-81A61A915847}.Debug|x86.Build.0 = Debug|Win32
		{7B88C124-C6B8-46F6-94EB-81A61A915847}.Release|x64.ActiveCfg = Release|x64
		{7B88C124-C6B8-46F6-94EB-81A61A915847}.Release|x64.Build.0 = Release|x64
		{7B88C124-C6B8-46F6-94EB-81A61A915847}.Release|x86.ActiveCfg = Release|Win32
		{7B88C124-C6B8-46F6-94EB-81A61A915847}.Release|x86.Build.0 = Release|Win32
		{5CBCFA4C-D4C9-4AB9-ADB4-F8CEC36B5576}.Debug|x64.ActiveCfg = Debug|x64
		{5CBCFA4C-D4C9-4AB9-ADB4-F8CEC36B5576}.Debug|x64.Build.0 = Debug|x64
		{5CBCFA4C-D4C9-4AB9-ADB4-F8CEC36B5576}.Debug|x86.ActiveCfg = Debug|Win32
		{5CBCFA4C-D4C9-4AB9-ADB4-F8CEC36B5576}.Debug|x86.Build.0 = Debug|Win32
		{5CBCFA4C-D4C9-4AB9-ADB4-F8CEC36B5576}.Release|x64.ActiveCfg = Release|x64
		{5CBCFA4C-D4C9-4AB9-ADB4-F8CEC36B5576}.Release|x64.Build.0 = Release|x64
		{5CBCFA4C-D4C9-4AB9-ADB4-F8CEC36B5576}.Release|x86.ActiveCfg = Release|Win32
		{5CBCFA4C-D4C9-4AB9-ADB4-F8CEC36B5576}.Release|x86.Build.0 = Release|Win32
		{F94A9593-F92B-491A-B981-659882A945D5}.Debug|x64.ActiveCfg = Debug|x64
		{F94A9593-F92B-491A-B981-659882A945D5}.Debug|x64.Build.0 = Debug|x64
		{F94A9593-F92B-491A-B981-659882A945D5}.Debug|x86.ActiveCfg = Debug|x64
		{F94A9593-F92B-491A-B981-659882A945D5}.Release|x64.ActiveCfg = Release|x64
		{F94A9593-F92B-491A-B981-659882A945D5}.Release|x64.Build.0 = Release|x64
		{F94A9593-F92B-491A-B981-659882A945D5}.Release|x86.ActiveCfg = Release|x64
		{5419C3DD-618F-4437-9BCA-4FAA3159B747}.Debug|x64.ActiveCfg = Debug|x64
		{5419C3DD-618F-4437-9BCA-4FAA3159B747}.Debug|x64.Build.0 = Debug|x64
		{5419C3DD-618F-4437-9BCA-4FAA3159B747}.Debug|x86.ActiveCfg = Debug|x64
		{5419C3DD-618F-4437-9BCA-4FAA3159B747}.Release|x64.ActiveCfg = Release|x64
		{5419C3DD-618F-4437-9BCA-4FAA3159B747}.Release|x64.Build.0 = Release|x64
		{5419C3DD-618F-4437-9BCA-4FAA3159B747}.Release|x86.ActiveCfg = Release|x64
		{C5D1E332-6B9F-496D-94D8-F24CAAB0362D}.Debug|x64.ActiveCfg = Debug|x64
		{C5D1E332-6B9F-496D-94D8-F24CAAB0362D}.Debug|x64.Build.0 = Debug|x64
		{C5D1E332-6B9F-496D-94D8-F24CAAB0362D}.Debug|x86.ActiveCfg = Debug|Win32
		{C5D1E332-6B9F-496D-94D8-F24CAAB0362D}.Debug|x86.Build.0 = Debug|Win32
		{C5D1E332-6B9F-496D-94D8-F24CAAB0362D}.Release|x64.ActiveCfg = Release|x64
		{C5D1E332-6B9F-496D-94D8-F24CAAB0362D}.Release|x64.Build.0 = Release|x64
		{C5D1E332-6B9F-496D-94D8-F24CAAB0362D}.Release|x86.ActiveCfg = Release|Win32
		{C5D1E332-6B9F-496D-94D8-F24CAAB0362D}.Release|x86.Build.0 = Release|Win32
	EndGlobalSection
	GlobalSection(SolutionProperties) = preSolution
		HideSolutionNode = FALSE
	EndGlobalSection
	GlobalSection(NestedProjects) = preSolution
		{C7217F52-1918-4B1F-9F12-810B8C2710ED} = {8C2F0A23-4913-4603-8F3A-90FEC651BB69}
		{10B31A67-3187-39F5-8166-4BC9CB860D70} = {8C2F0A23-4913-4603-8F3A-90FEC651BB69}
		{C32FB2B4-500C-43CD-A099-EECCE079D3F1} = {8C2F0A23-4913-4603-8F3A-90FEC651BB69}
		{183A93F0-079E-40E8-8BFB-F45FDE58C84E} = {77840663-B0DF-4184-95BB-8F7957820628}
		{B12702AD-ABFB-343A-A199-8E24837244A3} = {D931A883-EC58-4AEC-87BB-544D5D913EC5}
		{2A8399E2-22AE-4997-9606-A70E4332E1B0} = {77840663-B0DF-4184-95BB-8F7957820628}
		{7B88C124-C6B8-46F6-94EB-81A61A915847} = {77840663-B0DF-4184-95BB-8F7957820628}
		{5CBCFA4C-D4C9-4AB9-ADB4-F8CEC36B5576} = {77840663-B0DF-4184-95BB-8F7957820628}
		{F94A9593-F92B-491A-B981-659882A945D5} = {D931A883-EC58-4AEC-87BB-544D5D913EC5}
		{5419C3DD-618F-4437-9BCA-4FAA3159B747} = {D931A883-EC58-4AEC-87BB-544D5D913EC5}
		{C5D1E332-6B9F-496D-94D8-F24CAAB0362D} = {47E0B754-34D6-499A-AC21-EDD064A4E6B7}
	EndGlobalSection
	GlobalSection(ExtensibilityGlobals) = postSolution
		SolutionGuid = {96707CC0-136C-45D6-ABE8-364AB736690D}
	EndGlobalSection
EndGlobal
