
Microsoft Visual Studio Solution File, Format Version 12.00
# Visual Studio 15
VisualStudioVersion = 15.0.26730.16
MinimumVisualStudioVersion = 10.0.40219.1
Project("{8BC9CEB8-8B4A-11D0-8D11-00A0C91BC942}") = "Leviathan", "Leviathan\Leviathan.vcxproj", "{8628673F-BAF0-4C0E-A9D3-40970DB4BA5C}"
	ProjectSection(ProjectDependencies) = postProject
		{183A93F0-079E-40E8-8BFB-F45FDE58C84E} = {183A93F0-079E-40E8-8BFB-F45FDE58C84E}
	EndProjectSection
EndProject
Project("{8BC9CEB8-8B4A-11D0-8D11-00A0C91BC942}") = "Base", "Base\Base.vcxproj", "{183A93F0-079E-40E8-8BFB-F45FDE58C84E}"
EndProject
Global
	GlobalSection(SolutionConfigurationPlatforms) = preSolution
		Debug|x64 = Debug|x64
		Debug|x86 = Debug|x86
		Release|x64 = Release|x64
		Release|x86 = Release|x86
	EndGlobalSection
	GlobalSection(ProjectConfigurationPlatforms) = postSolution
		{8628673F-BAF0-4C0E-A9D3-40970DB4BA5C}.Debug|x64.ActiveCfg = Debug|x64
		{8628673F-BAF0-4C0E-A9D3-40970DB4BA5C}.Debug|x64.Build.0 = Debug|x64
		{8628673F-BAF0-4C0E-A9D3-40970DB4BA5C}.Debug|x86.ActiveCfg = Debug|Win32
		{8628673F-BAF0-4C0E-A9D3-40970DB4BA5C}.Debug|x86.Build.0 = Debug|Win32
		{8628673F-BAF0-4C0E-A9D3-40970DB4BA5C}.Release|x64.ActiveCfg = Release|x64
		{8628673F-BAF0-4C0E-A9D3-40970DB4BA5C}.Release|x64.Build.0 = Release|x64
		{8628673F-BAF0-4C0E-A9D3-40970DB4BA5C}.Release|x86.ActiveCfg = Release|Win32
		{8628673F-BAF0-4C0E-A9D3-40970DB4BA5C}.Release|x86.Build.0 = Release|Win32
		{183A93F0-079E-40E8-8BFB-F45FDE58C84E}.Debug|x64.ActiveCfg = Debug|x64
		{183A93F0-079E-40E8-8BFB-F45FDE58C84E}.Debug|x64.Build.0 = Debug|x64
		{183A93F0-079E-40E8-8BFB-F45FDE58C84E}.Debug|x86.ActiveCfg = Debug|Win32
		{183A93F0-079E-40E8-8BFB-F45FDE58C84E}.Debug|x86.Build.0 = Debug|Win32
		{183A93F0-079E-40E8-8BFB-F45FDE58C84E}.Release|x64.ActiveCfg = Release|x64
		{183A93F0-079E-40E8-8BFB-F45FDE58C84E}.Release|x64.Build.0 = Release|x64
		{183A93F0-079E-40E8-8BFB-F45FDE58C84E}.Release|x86.ActiveCfg = Release|Win32
		{183A93F0-079E-40E8-8BFB-F45FDE58C84E}.Release|x86.Build.0 = Release|Win32
	EndGlobalSection
	GlobalSection(SolutionProperties) = preSolution
		HideSolutionNode = FALSE
	EndGlobalSection
	GlobalSection(ExtensibilityGlobals) = postSolution
		SolutionGuid = {96707CC0-136C-45D6-ABE8-364AB736690D}
	EndGlobalSection
EndGlobal
