
Microsoft Visual Studio Solution File, Format Version 12.00
# Visual Studio 15
VisualStudioVersion = 15.0.26730.16
MinimumVisualStudioVersion = 10.0.40219.1
Project("{8BC9CEB8-8B4A-11D0-8D11-00A0C91BC942}") = "Leviathan", "Leviathan\Leviathan.vcxproj", "{8628673F-BAF0-4C0E-A9D3-40970DB4BA5C}"
	ProjectSection(ProjectDependencies) = postProject
		{C9D52724-8554-4F6C-8E41-CAD0E84D568A} = {C9D52724-8554-4F6C-8E41-CAD0E84D568A}
		{E2869D66-3C62-4171-BE7A-FF09C7F746BD} = {E2869D66-3C62-4171-BE7A-FF09C7F746BD}
		{0616F6BF-B573-42BB-9C79-D4B9267A6907} = {0616F6BF-B573-42BB-9C79-D4B9267A6907}
		{9D3D02D8-1219-4E36-BDD9-C6FF32C7AD93} = {9D3D02D8-1219-4E36-BDD9-C6FF32C7AD93}
		{183A93F0-079E-40E8-8BFB-F45FDE58C84E} = {183A93F0-079E-40E8-8BFB-F45FDE58C84E}
	EndProjectSection
EndProject
Project("{8BC9CEB8-8B4A-11D0-8D11-00A0C91BC942}") = "Base", "Base\Base.vcxproj", "{183A93F0-079E-40E8-8BFB-F45FDE58C84E}"
EndProject
Project("{8BC9CEB8-8B4A-11D0-8D11-00A0C91BC942}") = "glew", "glew\glew.vcxproj", "{C7217F52-1918-4B1F-9F12-810B8C2710ED}"
EndProject
Project("{8BC9CEB8-8B4A-11D0-8D11-00A0C91BC942}") = "glfw", "glfw\glfw.vcxproj", "{10B31A67-3187-39F5-8166-4BC9CB860D70}"
EndProject
Project("{2150E333-8FDC-42A3-9474-1A3956D46DE8}") = "0_External", "0_External", "{8C2F0A23-4913-4603-8F3A-90FEC651BB69}"
EndProject
Project("{2150E333-8FDC-42A3-9474-1A3956D46DE8}") = "1_LeviathanBase", "1_LeviathanBase", "{77840663-B0DF-4184-95BB-8F7957820628}"
EndProject
Project("{2150E333-8FDC-42A3-9474-1A3956D46DE8}") = "2_LeviathanApplication", "2_LeviathanApplication", "{47E0B754-34D6-499A-AC21-EDD064A4E6B7}"
EndProject
Project("{8BC9CEB8-8B4A-11D0-8D11-00A0C91BC942}") = "RenderWindow", "RenderWindow\RenderWindow.vcxproj", "{C9D52724-8554-4F6C-8E41-CAD0E84D568A}"
	ProjectSection(ProjectDependencies) = postProject
		{E2869D66-3C62-4171-BE7A-FF09C7F746BD} = {E2869D66-3C62-4171-BE7A-FF09C7F746BD}
		{0616F6BF-B573-42BB-9C79-D4B9267A6907} = {0616F6BF-B573-42BB-9C79-D4B9267A6907}
		{9D3D02D8-1219-4E36-BDD9-C6FF32C7AD93} = {9D3D02D8-1219-4E36-BDD9-C6FF32C7AD93}
		{183A93F0-079E-40E8-8BFB-F45FDE58C84E} = {183A93F0-079E-40E8-8BFB-F45FDE58C84E}
	EndProjectSection
EndProject
Project("{8BC9CEB8-8B4A-11D0-8D11-00A0C91BC942}") = "RenderWrapper", "RenderWrapper\RenderWrapper.vcxproj", "{9D3D02D8-1219-4E36-BDD9-C6FF32C7AD93}"
	ProjectSection(ProjectDependencies) = postProject
		{183A93F0-079E-40E8-8BFB-F45FDE58C84E} = {183A93F0-079E-40E8-8BFB-F45FDE58C84E}
	EndProjectSection
EndProject
Project("{8BC9CEB8-8B4A-11D0-8D11-00A0C91BC942}") = "Scene", "Scene\Scene.vcxproj", "{E2869D66-3C62-4171-BE7A-FF09C7F746BD}"
	ProjectSection(ProjectDependencies) = postProject
		{0616F6BF-B573-42BB-9C79-D4B9267A6907} = {0616F6BF-B573-42BB-9C79-D4B9267A6907}
		{9D3D02D8-1219-4E36-BDD9-C6FF32C7AD93} = {9D3D02D8-1219-4E36-BDD9-C6FF32C7AD93}
		{183A93F0-079E-40E8-8BFB-F45FDE58C84E} = {183A93F0-079E-40E8-8BFB-F45FDE58C84E}
	EndProjectSection
EndProject
Project("{8BC9CEB8-8B4A-11D0-8D11-00A0C91BC942}") = "FileImporter", "FileImporter\FileImporter.vcxproj", "{0616F6BF-B573-42BB-9C79-D4B9267A6907}"
	ProjectSection(ProjectDependencies) = postProject
		{183A93F0-079E-40E8-8BFB-F45FDE58C84E} = {183A93F0-079E-40E8-8BFB-F45FDE58C84E}
	EndProjectSection
EndProject
Global
	GlobalSection(SolutionConfigurationPlatforms) = preSolution
		Debug|x64 = Debug|x64
		Debug|x86 = Debug|x86
		Release|x64 = Release|x64
		Release|x86 = Release|x86
	EndGlobalSection
	GlobalSection(ProjectConfigurationPlatforms) = postSolution
		{8628673F-BAF0-4C0E-A9D3-40970DB4BA5C}.Debug|x64.ActiveCfg = Debug|x64
		{8628673F-BAF0-4C0E-A9D3-40970DB4BA5C}.Debug|x64.Build.0 = Debug|x64
		{8628673F-BAF0-4C0E-A9D3-40970DB4BA5C}.Debug|x86.ActiveCfg = Debug|Win32
		{8628673F-BAF0-4C0E-A9D3-40970DB4BA5C}.Debug|x86.Build.0 = Debug|Win32
		{8628673F-BAF0-4C0E-A9D3-40970DB4BA5C}.Release|x64.ActiveCfg = Release|x64
		{8628673F-BAF0-4C0E-A9D3-40970DB4BA5C}.Release|x64.Build.0 = Release|x64
		{8628673F-BAF0-4C0E-A9D3-40970DB4BA5C}.Release|x86.ActiveCfg = Release|Win32
		{8628673F-BAF0-4C0E-A9D3-40970DB4BA5C}.Release|x86.Build.0 = Release|Win32
		{183A93F0-079E-40E8-8BFB-F45FDE58C84E}.Debug|x64.ActiveCfg = Debug|x64
		{183A93F0-079E-40E8-8BFB-F45FDE58C84E}.Debug|x64.Build.0 = Debug|x64
		{183A93F0-079E-40E8-8BFB-F45FDE58C84E}.Debug|x86.ActiveCfg = Debug|Win32
		{183A93F0-079E-40E8-8BFB-F45FDE58C84E}.Debug|x86.Build.0 = Debug|Win32
		{183A93F0-079E-40E8-8BFB-F45FDE58C84E}.Release|x64.ActiveCfg = Release|x64
		{183A93F0-079E-40E8-8BFB-F45FDE58C84E}.Release|x64.Build.0 = Release|x64
		{183A93F0-079E-40E8-8BFB-F45FDE58C84E}.Release|x86.ActiveCfg = Release|Win32
		{183A93F0-079E-40E8-8BFB-F45FDE58C84E}.Release|x86.Build.0 = Release|Win32
		{C7217F52-1918-4B1F-9F12-810B8C2710ED}.Debug|x64.ActiveCfg = Debug|x64
		{C7217F52-1918-4B1F-9F12-810B8C2710ED}.Debug|x64.Build.0 = Debug|x64
		{C7217F52-1918-4B1F-9F12-810B8C2710ED}.Debug|x86.ActiveCfg = Debug|Win32
		{C7217F52-1918-4B1F-9F12-810B8C2710ED}.Debug|x86.Build.0 = Debug|Win32
		{C7217F52-1918-4B1F-9F12-810B8C2710ED}.Release|x64.ActiveCfg = Release|x64
		{C7217F52-1918-4B1F-9F12-810B8C2710ED}.Release|x64.Build.0 = Release|x64
		{C7217F52-1918-4B1F-9F12-810B8C2710ED}.Release|x86.ActiveCfg = Release|Win32
		{C7217F52-1918-4B1F-9F12-810B8C2710ED}.Release|x86.Build.0 = Release|Win32
		{10B31A67-3187-39F5-8166-4BC9CB860D70}.Debug|x64.ActiveCfg = Debug|x64
		{10B31A67-3187-39F5-8166-4BC9CB860D70}.Debug|x64.Build.0 = Debug|x64
		{10B31A67-3187-39F5-8166-4BC9CB860D70}.Debug|x86.ActiveCfg = Debug|x64
		{10B31A67-3187-39F5-8166-4BC9CB860D70}.Release|x64.ActiveCfg = Release|x64
		{10B31A67-3187-39F5-8166-4BC9CB860D70}.Release|x64.Build.0 = Release|x64
		{10B31A67-3187-39F5-8166-4BC9CB860D70}.Release|x86.ActiveCfg = Release|x64
		{C9D52724-8554-4F6C-8E41-CAD0E84D568A}.Debug|x64.ActiveCfg = Debug|x64
		{C9D52724-8554-4F6C-8E41-CAD0E84D568A}.Debug|x64.Build.0 = Debug|x64
		{C9D52724-8554-4F6C-8E41-CAD0E84D568A}.Debug|x86.ActiveCfg = Debug|Win32
		{C9D52724-8554-4F6C-8E41-CAD0E84D568A}.Debug|x86.Build.0 = Debug|Win32
		{C9D52724-8554-4F6C-8E41-CAD0E84D568A}.Release|x64.ActiveCfg = Release|x64
		{C9D52724-8554-4F6C-8E41-CAD0E84D568A}.Release|x64.Build.0 = Release|x64
		{C9D52724-8554-4F6C-8E41-CAD0E84D568A}.Release|x86.ActiveCfg = Release|Win32
		{C9D52724-8554-4F6C-8E41-CAD0E84D568A}.Release|x86.Build.0 = Release|Win32
		{9D3D02D8-1219-4E36-BDD9-C6FF32C7AD93}.Debug|x64.ActiveCfg = Debug|x64
		{9D3D02D8-1219-4E36-BDD9-C6FF32C7AD93}.Debug|x64.Build.0 = Debug|x64
		{9D3D02D8-1219-4E36-BDD9-C6FF32C7AD93}.Debug|x86.ActiveCfg = Debug|Win32
		{9D3D02D8-1219-4E36-BDD9-C6FF32C7AD93}.Debug|x86.Build.0 = Debug|Win32
		{9D3D02D8-1219-4E36-BDD9-C6FF32C7AD93}.Release|x64.ActiveCfg = Release|x64
		{9D3D02D8-1219-4E36-BDD9-C6FF32C7AD93}.Release|x64.Build.0 = Release|x64
		{9D3D02D8-1219-4E36-BDD9-C6FF32C7AD93}.Release|x86.ActiveCfg = Release|Win32
		{9D3D02D8-1219-4E36-BDD9-C6FF32C7AD93}.Release|x86.Build.0 = Release|Win32
		{E2869D66-3C62-4171-BE7A-FF09C7F746BD}.Debug|x64.ActiveCfg = Debug|x64
		{E2869D66-3C62-4171-BE7A-FF09C7F746BD}.Debug|x64.Build.0 = Debug|x64
		{E2869D66-3C62-4171-BE7A-FF09C7F746BD}.Debug|x86.ActiveCfg = Debug|Win32
		{E2869D66-3C62-4171-BE7A-FF09C7F746BD}.Debug|x86.Build.0 = Debug|Win32
		{E2869D66-3C62-4171-BE7A-FF09C7F746BD}.Release|x64.ActiveCfg = Release|x64
		{E2869D66-3C62-4171-BE7A-FF09C7F746BD}.Release|x64.Build.0 = Release|x64
		{E2869D66-3C62-4171-BE7A-FF09C7F746BD}.Release|x86.ActiveCfg = Release|Win32
		{E2869D66-3C62-4171-BE7A-FF09C7F746BD}.Release|x86.Build.0 = Release|Win32
		{0616F6BF-B573-42BB-9C79-D4B9267A6907}.Debug|x64.ActiveCfg = Debug|x64
		{0616F6BF-B573-42BB-9C79-D4B9267A6907}.Debug|x64.Build.0 = Debug|x64
		{0616F6BF-B573-42BB-9C79-D4B9267A6907}.Debug|x86.ActiveCfg = Debug|Win32
		{0616F6BF-B573-42BB-9C79-D4B9267A6907}.Debug|x86.Build.0 = Debug|Win32
		{0616F6BF-B573-42BB-9C79-D4B9267A6907}.Release|x64.ActiveCfg = Release|x64
		{0616F6BF-B573-42BB-9C79-D4B9267A6907}.Release|x64.Build.0 = Release|x64
		{0616F6BF-B573-42BB-9C79-D4B9267A6907}.Release|x86.ActiveCfg = Release|Win32
		{0616F6BF-B573-42BB-9C79-D4B9267A6907}.Release|x86.Build.0 = Release|Win32
	EndGlobalSection
	GlobalSection(SolutionProperties) = preSolution
		HideSolutionNode = FALSE
	EndGlobalSection
	GlobalSection(NestedProjects) = preSolution
		{8628673F-BAF0-4C0E-A9D3-40970DB4BA5C} = {47E0B754-34D6-499A-AC21-EDD064A4E6B7}
		{183A93F0-079E-40E8-8BFB-F45FDE58C84E} = {77840663-B0DF-4184-95BB-8F7957820628}
		{C7217F52-1918-4B1F-9F12-810B8C2710ED} = {8C2F0A23-4913-4603-8F3A-90FEC651BB69}
		{10B31A67-3187-39F5-8166-4BC9CB860D70} = {8C2F0A23-4913-4603-8F3A-90FEC651BB69}
		{C9D52724-8554-4F6C-8E41-CAD0E84D568A} = {77840663-B0DF-4184-95BB-8F7957820628}
		{9D3D02D8-1219-4E36-BDD9-C6FF32C7AD93} = {77840663-B0DF-4184-95BB-8F7957820628}
		{E2869D66-3C62-4171-BE7A-FF09C7F746BD} = {77840663-B0DF-4184-95BB-8F7957820628}
		{0616F6BF-B573-42BB-9C79-D4B9267A6907} = {77840663-B0DF-4184-95BB-8F7957820628}
	EndGlobalSection
	GlobalSection(ExtensibilityGlobals) = postSolution
		SolutionGuid = {96707CC0-136C-45D6-ABE8-364AB736690D}
	EndGlobalSection
EndGlobal
