<?xml version="1.0" encoding="utf-8"?>
<Project ToolsVersion="4.0" xmlns="http://schemas.microsoft.com/developer/msbuild/2003">
  <ItemGroup>
    <Filter Include="资源文件">
      <UniqueIdentifier>{67DA6AB6-F800-4c08-8B7A-83BB121AAD01}</UniqueIdentifier>
      <Extensions>rc;ico;cur;bmp;dlg;rc2;rct;bin;rgs;gif;jpg;jpeg;jpe;resx;tiff;tif;png;wav;mfcribbon-ms</Extensions>
    </Filter>
    <Filter Include="source">
      <UniqueIdentifier>{93995380-89BD-4b04-88EB-625FBE52EBFB}</UniqueIdentifier>
      <Extensions>h;hh;hpp;hxx;hm;inl;inc;ipp;xsd</Extensions>
    </Filter>
    <Filter Include="source\Model">
      <UniqueIdentifier>{0ba12b78-5660-431b-8fab-fb9424ce09f7}</UniqueIdentifier>
    </Filter>
    <Filter Include="source\Presenter">
      <UniqueIdentifier>{2eb2b10d-e059-4320-97e6-f0ca5a3fcd11}</UniqueIdentifier>
    </Filter>
    <Filter Include="source\ViewImpl">
      <UniqueIdentifier>{a58782fe-5e45-449c-bfbb-4e476b63b9e0}</UniqueIdentifier>
    </Filter>
    <Filter Include="source\View">
      <UniqueIdentifier>{2927571a-2033-4fd0-919c-14ec3839b066}</UniqueIdentifier>
    </Filter>
    <Filter Include="source\View\ViewState">
      <UniqueIdentifier>{de0fb765-c1da-4197-9fcb-90d48326eb22}</UniqueIdentifier>
    </Filter>
  </ItemGroup>
  <ItemGroup>
    <ClInclude Include="..\include\IDataCenter.h">
      <Filter>source\Model</Filter>
    </ClInclude>
    <ClInclude Include="DataStorer.h">
      <Filter>source\Model</Filter>
    </ClInclude>
    <ClInclude Include="DataStorer.hpp">
      <Filter>source\Model</Filter>
    </ClInclude>
    <ClInclude Include="Presenter.h">
      <Filter>source\Presenter</Filter>
    </ClInclude>
    <ClInclude Include="LevStateControl.h">
      <Filter>source\Presenter</Filter>
    </ClInclude>
    <ClInclude Include="LevModelVisitor.h">
      <Filter>source\Presenter</Filter>
    </ClInclude>
    <ClInclude Include="View.h">
      <Filter>source\View</Filter>
    </ClInclude>
    <ClInclude Include="LevViewimpl.h">
      <Filter>source\ViewImpl</Filter>
    </ClInclude>
    <ClInclude Include="..\..\include\RenderService.h">
      <Filter>source\View</Filter>
    </ClInclude>
    <ClInclude Include="ViewStateMgr.h">
      <Filter>source\View\ViewState</Filter>
    </ClInclude>
    <ClInclude Include="ViewData.h">
      <Filter>source\View</Filter>
    </ClInclude>
    <ClInclude Include="..\..\include\DataCenterImpl.h">
      <Filter>source\Model</Filter>
    </ClInclude>
  </ItemGroup>
  <ItemGroup>
    <ClCompile Include="DataCenterImpl.cpp">
      <Filter>source\Model</Filter>
    </ClCompile>
    <ClCompile Include="Presenter.cpp">
      <Filter>source\Presenter</Filter>
    </ClCompile>
    <ClCompile Include="LevStateControl.cpp">
      <Filter>source\Presenter</Filter>
    </ClCompile>
    <ClCompile Include="LevModelVisitor.cpp">
      <Filter>source\Presenter</Filter>
    </ClCompile>
    <ClCompile Include="View.cpp">
      <Filter>source\View</Filter>
    </ClCompile>
    <ClCompile Include="LevViewImpl.cpp">
      <Filter>source\ViewImpl</Filter>
    </ClCompile>
    <ClCompile Include="RenderService.cpp">
      <Filter>source\View</Filter>
    </ClCompile>
    <ClCompile Include="ViewStateMgr.cpp">
      <Filter>source\View\ViewState</Filter>
    </ClCompile>
    <ClCompile Include="ViewData.cpp">
      <Filter>source\View</Filter>
    </ClCompile>
  </ItemGroup>
</Project>