<?xml version="1.0" encoding="utf-8"?>
<Project ToolsVersion="4.0" xmlns="http://schemas.microsoft.com/developer/msbuild/2003">
  <ItemGroup>
    <Filter Include="Source Files">
      <UniqueIdentifier>{4FC737F1-C7A5-4376-A066-2A32D752A2FF}</UniqueIdentifier>
      <Extensions>cpp;c;cc;cxx;def;odl;idl;hpj;bat;asm;asmx</Extensions>
    </Filter>
    <Filter Include="Source Files\OpenGL">
      <UniqueIdentifier>{e74dd62b-2326-42bb-ad36-0b1c8dc7d11c}</UniqueIdentifier>
    </Filter>
    <Filter Include="Source Files\OpenGL\OpenGLRenderState">
      <UniqueIdentifier>{d4baf05f-9176-41d1-95f8-5f01565cc7a5}</UniqueIdentifier>
    </Filter>
    <Filter Include="Source Files\OpenGL\Advance">
      <UniqueIdentifier>{0105c3e5-a294-4d87-94dd-728ec99fb652}</UniqueIdentifier>
    </Filter>
    <Filter Include="Source Files\OpenGL\OpenGLResource">
      <UniqueIdentifier>{6b809639-04c4-4657-a5ce-801fde29d34f}</UniqueIdentifier>
    </Filter>
    <Filter Include="Source Files\OpenGL\OpenGLResource\OpenGLRenderResource">
      <UniqueIdentifier>{1efcbde3-df75-442c-b55a-6f4ac5189bb2}</UniqueIdentifier>
    </Filter>
    <Filter Include="Source Files\OpenGL\OpenGLResource\OpenGLObjectResource">
      <UniqueIdentifier>{17ce6fa3-31ae-44d7-b103-24c537e53e65}</UniqueIdentifier>
    </Filter>
    <Filter Include="Source Files\OpenGL\OpenGLResource\OpenGLUniformResource">
      <UniqueIdentifier>{01647f16-39d1-4a22-878b-2e0b1b0b4bb6}</UniqueIdentifier>
    </Filter>
  </ItemGroup>
  <ItemGroup>
    <ClInclude Include="OpenGLRenderDataProcessor.h">
      <Filter>Source Files\OpenGL</Filter>
    </ClInclude>
    <ClInclude Include="LevRendererAPIDefine.h">
      <Filter>Source Files</Filter>
    </ClInclude>
    <ClInclude Include="OpenGLRenderStateManager.h">
      <Filter>Source Files\OpenGL\OpenGLRenderState</Filter>
    </ClInclude>
    <ClInclude Include="IOpenGLResource.h">
      <Filter>Source Files\OpenGL\OpenGLResource</Filter>
    </ClInclude>
    <ClInclude Include="OpenGLResourceManager.h">
      <Filter>Source Files\OpenGL\OpenGLResource</Filter>
    </ClInclude>
    <ClInclude Include="OpenGLTextureUniform.h">
      <Filter>Source Files\OpenGL\OpenGLResource\OpenGLUniformResource</Filter>
    </ClInclude>
    <ClInclude Include="OpenGLNumericalUniform.h">
      <Filter>Source Files\OpenGL\OpenGLResource\OpenGLUniformResource</Filter>
    </ClInclude>
    <ClInclude Include="IOpenGLUniform.h">
      <Filter>Source Files\OpenGL\OpenGLResource\OpenGLUniformResource</Filter>
    </ClInclude>
    <ClInclude Include="IOpenGLObject.h">
      <Filter>Source Files\OpenGL\OpenGLResource\OpenGLObjectResource</Filter>
    </ClInclude>
    <ClInclude Include="OpenGLObjectManager.h">
      <Filter>Source Files\OpenGL\OpenGLResource\OpenGLObjectResource</Filter>
    </ClInclude>
    <ClInclude Include="OpenGLRenderBackend.h">
      <Filter>Source Files\OpenGL</Filter>
    </ClInclude>
    <ClInclude Include="IRendererBackend.h">
      <Filter>Source Files</Filter>
    </ClInclude>
    <ClInclude Include="OpenGLRenderEntry.h">
      <Filter>Source Files\OpenGL\OpenGLResource\OpenGLRenderResource</Filter>
    </ClInclude>
    <ClInclude Include="OpenGLPass.h">
      <Filter>Source Files\OpenGL\OpenGLResource\OpenGLRenderResource</Filter>
    </ClInclude>
    <ClInclude Include="OpenGLEmptyRenderEntry.h">
      <Filter>Source Files\OpenGL\OpenGLResource\OpenGLRenderResource</Filter>
    </ClInclude>
    <ClInclude Include="OpenGLRenderTree.h">
      <Filter>Source Files\OpenGL\OpenGLResource\OpenGLRenderResource</Filter>
    </ClInclude>
    <ClInclude Include="OpenGLShaderProgram.h">
      <Filter>Source Files\OpenGL\OpenGLResource\OpenGLRenderResource</Filter>
    </ClInclude>
    <ClInclude Include="OpenGLRStatePointSize.h">
      <Filter>Source Files\OpenGL\OpenGLRenderState</Filter>
    </ClInclude>
    <ClInclude Include="IOpenGLRenderState.h">
      <Filter>Source Files\OpenGL\OpenGLRenderState</Filter>
    </ClInclude>
    <ClInclude Include="OpenGLRStateDepthFunc.h">
      <Filter>Source Files\OpenGL\OpenGLRenderState</Filter>
    </ClInclude>
    <ClInclude Include="OpenGLUniformManager.h">
      <Filter>Source Files\OpenGL\OpenGLResource\OpenGLUniformResource</Filter>
    </ClInclude>
    <ClInclude Include="OpenGLTexture2DObject.h">
      <Filter>Source Files\OpenGL\OpenGLResource\OpenGLObjectResource</Filter>
    </ClInclude>
    <ClInclude Include="OpenGLTexture3DObject.h">
      <Filter>Source Files\OpenGL\OpenGLResource\OpenGLObjectResource</Filter>
    </ClInclude>
    <ClInclude Include="IOpenGLTextureObject.h">
      <Filter>Source Files\OpenGL\OpenGLResource\OpenGLObjectResource</Filter>
    </ClInclude>
    <ClInclude Include="OpenGLRenderNodeVisitor.h">
      <Filter>Source Files\OpenGL\OpenGLResource\OpenGLRenderResource</Filter>
    </ClInclude>
    <ClInclude Include="OpenGLFrameBufferObject.h">
      <Filter>Source Files\OpenGL\Advance</Filter>
    </ClInclude>
    <ClInclude Include="OpenGLRenderNodeObject.h">
      <Filter>Source Files\OpenGL\OpenGLResource\OpenGLRenderResource</Filter>
    </ClInclude>
    <ClInclude Include="OpenGLRenderNode.h">
      <Filter>Source Files\OpenGL\OpenGLResource\OpenGLRenderResource</Filter>
    </ClInclude>
    <ClInclude Include="IOpenGLBufferObject.h">
      <Filter>Source Files\OpenGL\Advance</Filter>
    </ClInclude>
    <ClInclude Include="OpenGLTextureBufferObject.h">
      <Filter>Source Files\OpenGL\Advance</Filter>
    </ClInclude>
  </ItemGroup>
  <ItemGroup>
    <ClCompile Include="OpenGLRenderDataProcessor.cpp">
      <Filter>Source Files\OpenGL</Filter>
    </ClCompile>
    <ClCompile Include="OpenGLRenderStateManager.cpp">
      <Filter>Source Files\OpenGL\OpenGLRenderState</Filter>
    </ClCompile>
    <ClCompile Include="OpenGLResourceManager.cpp">
      <Filter>Source Files\OpenGL\OpenGLResource</Filter>
    </ClCompile>
    <ClCompile Include="OpenGLTextureUniform.cpp">
      <Filter>Source Files\OpenGL\OpenGLResource\OpenGLUniformResource</Filter>
    </ClCompile>
    <ClCompile Include="OpenGLNumericalUniform.cpp">
      <Filter>Source Files\OpenGL\OpenGLResource\OpenGLUniformResource</Filter>
    </ClCompile>
    <ClCompile Include="OpenGLRenderBackend.cpp">
      <Filter>Source Files\OpenGL</Filter>
    </ClCompile>
    <ClCompile Include="OpenGLRenderEntry.cpp">
      <Filter>Source Files\OpenGL\OpenGLResource\OpenGLRenderResource</Filter>
    </ClCompile>
    <ClCompile Include="OpenGLPass.cpp">
      <Filter>Source Files\OpenGL\OpenGLResource\OpenGLRenderResource</Filter>
    </ClCompile>
    <ClCompile Include="OpenGLEmptyRenderEntry.cpp">
      <Filter>Source Files\OpenGL\OpenGLResource\OpenGLRenderResource</Filter>
    </ClCompile>
    <ClCompile Include="OpenGLRenderTree.cpp">
      <Filter>Source Files\OpenGL\OpenGLResource\OpenGLRenderResource</Filter>
    </ClCompile>
    <ClCompile Include="OpenGLShaderProgram.cpp">
      <Filter>Source Files\OpenGL\OpenGLResource\OpenGLRenderResource</Filter>
    </ClCompile>
    <ClCompile Include="OpenGLRStatePointSize.cpp">
      <Filter>Source Files\OpenGL\OpenGLRenderState</Filter>
    </ClCompile>
    <ClCompile Include="OpenGLRStateDepthFunc.cpp">
      <Filter>Source Files\OpenGL\OpenGLRenderState</Filter>
    </ClCompile>
    <ClCompile Include="OpenGLUniformManager.cpp">
      <Filter>Source Files\OpenGL\OpenGLResource\OpenGLUniformResource</Filter>
    </ClCompile>
    <ClCompile Include="OpenGLTexture2DObject.cpp">
      <Filter>Source Files\OpenGL\OpenGLResource\OpenGLObjectResource</Filter>
    </ClCompile>
    <ClCompile Include="OpenGLTexture3DObject.cpp">
      <Filter>Source Files\OpenGL\OpenGLResource\OpenGLObjectResource</Filter>
    </ClCompile>
    <ClCompile Include="OpenGLRenderNodeVisitor.cpp">
      <Filter>Source Files\OpenGL\OpenGLResource\OpenGLRenderResource</Filter>
    </ClCompile>
    <ClCompile Include="OpenGLFrameBufferObject.cpp">
      <Filter>Source Files\OpenGL\Advance</Filter>
    </ClCompile>
    <ClCompile Include="OpenGLRenderNodeObject.cpp">
      <Filter>Source Files\OpenGL\OpenGLResource\OpenGLRenderResource</Filter>
    </ClCompile>
    <ClCompile Include="OpenGLRenderNode.cpp">
      <Filter>Source Files\OpenGL\OpenGLResource\OpenGLRenderResource</Filter>
    </ClCompile>
    <ClCompile Include="IOpenGLBufferObject.cpp">
      <Filter>Source Files\OpenGL\Advance</Filter>
    </ClCompile>
    <ClCompile Include="OpenGLTextureBufferObject.cpp">
      <Filter>Source Files\OpenGL\Advance</Filter>
    </ClCompile>
    <ClCompile Include="OpenGLObjectManager.cpp">
      <Filter>Source Files\OpenGL\OpenGLResource\OpenGLObjectResource</Filter>
    </ClCompile>
  </ItemGroup>
</Project>