<?xml version="1.0" encoding="utf-8"?>
<Project ToolsVersion="4.0" xmlns="http://schemas.microsoft.com/developer/msbuild/2003">
  <ItemGroup>
    <Filter Include="Source Files">
      <UniqueIdentifier>{4FC737F1-C7A5-4376-A066-2A32D752A2FF}</UniqueIdentifier>
      <Extensions>cpp;c;cc;cxx;def;odl;idl;hpj;bat;asm;asmx</Extensions>
    </Filter>
    <Filter Include="Source Files\SceneAttribute">
      <UniqueIdentifier>{bf884224-721c-4d44-9ced-37686c77edde}</UniqueIdentifier>
    </Filter>
    <Filter Include="Source Files\SceneDescription">
      <UniqueIdentifier>{32fb8931-2bec-4ecf-b75d-c31c7e6f31a2}</UniqueIdentifier>
    </Filter>
    <Filter Include="Source Files\SceneObject">
      <UniqueIdentifier>{01de298f-fce6-411a-ba8f-47dc0ab8b47e}</UniqueIdentifier>
    </Filter>
    <Filter Include="Source Files\SceneAttribute\LogicAttribute">
      <UniqueIdentifier>{d4e8c58a-e4db-4276-9ee6-a9b319ef9ee6}</UniqueIdentifier>
    </Filter>
    <Filter Include="Source Files\SceneAttribute\RenderAttribute">
      <UniqueIdentifier>{44994366-062c-4bb3-b6a5-8f1325ea757d}</UniqueIdentifier>
    </Filter>
    <Filter Include="Source Files\SceneVisitor">
      <UniqueIdentifier>{0aa20861-64d4-4470-9b9b-f7bdcf26fdb3}</UniqueIdentifier>
    </Filter>
    <Filter Include="Source Files\SceneAttribute\MixAttribute">
      <UniqueIdentifier>{ad3922ea-be52-4c9a-8e46-ae49979c183b}</UniqueIdentifier>
    </Filter>
    <Filter Include="Source Files\SceneUtil">
      <UniqueIdentifier>{f9c02928-bc48-4729-8cc8-e7137ccd51aa}</UniqueIdentifier>
    </Filter>
    <Filter Include="Source Files\SceneAttribute\RenderAttribute\RenderState">
      <UniqueIdentifier>{5e5241cc-70af-47ad-95e4-038620a30fa1}</UniqueIdentifier>
    </Filter>
    <Filter Include="Source Files\SceneAttribute\RenderAttribute\Advance">
      <UniqueIdentifier>{9b92f7b5-eba1-4109-af84-533e50a28825}</UniqueIdentifier>
    </Filter>
  </ItemGroup>
  <ItemGroup>
    <ClInclude Include="LevScene.h">
      <Filter>Source Files</Filter>
    </ClInclude>
    <ClInclude Include="LevSceneData.h">
      <Filter>Source Files</Filter>
    </ClInclude>
    <ClInclude Include="LevSceneNode.h">
      <Filter>Source Files</Filter>
    </ClInclude>
    <ClInclude Include="LevSceneTree.h">
      <Filter>Source Files</Filter>
    </ClInclude>
    <ClInclude Include="LevSceneObjectDescription.h">
      <Filter>Source Files\SceneDescription</Filter>
    </ClInclude>
    <ClInclude Include="LevSceneObject.h">
      <Filter>Source Files\SceneObject</Filter>
    </ClInclude>
    <ClInclude Include="LevLight.h">
      <Filter>Source Files\SceneObject</Filter>
    </ClInclude>
    <ClInclude Include="LevSceneLogicAttribute.h">
      <Filter>Source Files\SceneAttribute\LogicAttribute</Filter>
    </ClInclude>
    <ClInclude Include="LevSceneRenderAttribute.h">
      <Filter>Source Files\SceneAttribute\RenderAttribute</Filter>
    </ClInclude>
    <ClInclude Include="LevMathematicObject.h">
      <Filter>Source Files\SceneDescription</Filter>
    </ClInclude>
    <ClInclude Include="LevMeshObject.h">
      <Filter>Source Files\SceneDescription</Filter>
    </ClInclude>
    <ClInclude Include="LevPointLight.h">
      <Filter>Source Files\SceneObject</Filter>
    </ClInclude>
    <ClInclude Include="LevDirectionalLight.h">
      <Filter>Source Files\SceneObject</Filter>
    </ClInclude>
    <ClInclude Include="LevSceneEventListener.h">
      <Filter>Source Files</Filter>
    </ClInclude>
    <ClInclude Include="LevCamera.h">
      <Filter>Source Files\SceneObject</Filter>
    </ClInclude>
    <ClInclude Include="LevResetObjModifiedVisitor.h">
      <Filter>Source Files\SceneVisitor</Filter>
    </ClInclude>
    <ClInclude Include="LevSceneTreeTraverseVisitor.h">
      <Filter>Source Files\SceneVisitor</Filter>
    </ClInclude>
    <ClInclude Include="LevSceneTreeSearchVisitor.h">
      <Filter>Source Files\SceneVisitor</Filter>
    </ClInclude>
    <ClInclude Include="LevSceneObjectAttribute.h">
      <Filter>Source Files\SceneAttribute</Filter>
    </ClInclude>
    <ClInclude Include="LevRAttrObjectColor.h">
      <Filter>Source Files\SceneAttribute\RenderAttribute</Filter>
    </ClInclude>
    <ClInclude Include="LevStateUpdaterVisitor.h">
      <Filter>Source Files\SceneVisitor</Filter>
    </ClInclude>
    <ClInclude Include="LevLRAttrModelTransform.h">
      <Filter>Source Files\SceneAttribute\MixAttribute</Filter>
    </ClInclude>
    <ClInclude Include="LevLRAttrWorldTransform.h">
      <Filter>Source Files\SceneAttribute\MixAttribute</Filter>
    </ClInclude>
    <ClInclude Include="LevLAttrLocalTransform.h">
      <Filter>Source Files\SceneAttribute\LogicAttribute</Filter>
    </ClInclude>
    <ClInclude Include="LevCalculateWorldCoordVisitor.h">
      <Filter>Source Files\SceneVisitor</Filter>
    </ClInclude>
    <ClInclude Include="LevSetObjectModifiedVisitor.h">
      <Filter>Source Files\SceneVisitor</Filter>
    </ClInclude>
    <ClInclude Include="LevTimerTickVisitor.h">
      <Filter>Source Files\SceneVisitor</Filter>
    </ClInclude>
    <ClInclude Include="LevRAttrPointSize.h">
      <Filter>Source Files\SceneAttribute\RenderAttribute</Filter>
    </ClInclude>
    <ClInclude Include="LevRAttrDepthFunc.h">
      <Filter>Source Files\SceneAttribute\RenderAttribute</Filter>
    </ClInclude>
    <ClInclude Include="LevRAttrVisible.h">
      <Filter>Source Files\SceneAttribute\RenderAttribute</Filter>
    </ClInclude>
    <ClInclude Include="LevRAttrLightEnable.h">
      <Filter>Source Files\SceneAttribute\RenderAttribute</Filter>
    </ClInclude>
    <ClInclude Include="LevSceneAPIDefine.h">
      <Filter>Source Files</Filter>
    </ClInclude>
    <ClInclude Include="LevRAttrShaderProgram.h">
      <Filter>Source Files\SceneAttribute\RenderAttribute</Filter>
    </ClInclude>
    <ClInclude Include="LevSceneUtil.h">
      <Filter>Source Files\SceneUtil</Filter>
    </ClInclude>
    <ClInclude Include="LevNormalScene.h">
      <Filter>Source Files</Filter>
    </ClInclude>
    <ClInclude Include="LevRAttrRenderObjectAttributeBinder.h">
      <Filter>Source Files\SceneAttribute\RenderAttribute</Filter>
    </ClInclude>
    <ClInclude Include="LevSceneDefaultShader.h">
      <Filter>Source Files\SceneUtil</Filter>
    </ClInclude>
    <ClInclude Include="LevSceneDefaultShader_simple.h">
      <Filter>Source Files\SceneUtil</Filter>
    </ClInclude>
    <ClInclude Include="LevRAttrUniformManager.h">
      <Filter>Source Files\SceneAttribute\RenderAttribute</Filter>
    </ClInclude>
    <ClInclude Include="LevSceneDefaultShader_phong.h">
      <Filter>Source Files\SceneUtil</Filter>
    </ClInclude>
    <ClInclude Include="LevRenderState.h">
      <Filter>Source Files\SceneAttribute\RenderAttribute\RenderState</Filter>
    </ClInclude>
    <ClInclude Include="LevRenderStateDepthFunc.h">
      <Filter>Source Files\SceneAttribute\RenderAttribute\RenderState</Filter>
    </ClInclude>
    <ClInclude Include="LevRAttrRenderStateManager.h">
      <Filter>Source Files\SceneAttribute\RenderAttribute</Filter>
    </ClInclude>
    <ClInclude Include="LevFrameBufferObject.h">
      <Filter>Source Files\SceneAttribute\RenderAttribute\Advance</Filter>
    </ClInclude>
    <ClInclude Include="LevTextureObject.h">
      <Filter>Source Files\SceneAttribute\RenderAttribute\Advance</Filter>
    </ClInclude>
    <ClInclude Include="LevAttachment.h">
      <Filter>Source Files\SceneAttribute\RenderAttribute\Advance</Filter>
    </ClInclude>
    <ClInclude Include="LevRAttrAttachmentManager.h">
      <Filter>Source Files\SceneAttribute\RenderAttribute</Filter>
    </ClInclude>
    <ClInclude Include="LevRAttrNumericalUniform.h">
      <Filter>Source Files\SceneAttribute\RenderAttribute</Filter>
    </ClInclude>
    <ClInclude Include="LevRAttrTextureUniform.h">
      <Filter>Source Files\SceneAttribute\RenderAttribute</Filter>
    </ClInclude>
    <ClInclude Include="ILevRAttrUniform.h">
      <Filter>Source Files\SceneAttribute\RenderAttribute</Filter>
    </ClInclude>
  </ItemGroup>
  <ItemGroup>
    <ClCompile Include="LevSceneData.cpp">
      <Filter>Source Files</Filter>
    </ClCompile>
    <ClCompile Include="LevSceneTree.cpp">
      <Filter>Source Files</Filter>
    </ClCompile>
    <ClCompile Include="LevSceneNode.cpp">
      <Filter>Source Files</Filter>
    </ClCompile>
    <ClCompile Include="LevScene.cpp">
      <Filter>Source Files</Filter>
    </ClCompile>
    <ClCompile Include="LevSceneObject.cpp">
      <Filter>Source Files\SceneObject</Filter>
    </ClCompile>
    <ClCompile Include="LevSceneEventListener.cpp">
      <Filter>Source Files</Filter>
    </ClCompile>
    <ClCompile Include="LevMeshObject.cpp">
      <Filter>Source Files\SceneDescription</Filter>
    </ClCompile>
    <ClCompile Include="LevSceneObjectDescription.cpp">
      <Filter>Source Files\SceneDescription</Filter>
    </ClCompile>
    <ClCompile Include="LevMathematicObject.cpp">
      <Filter>Source Files\SceneDescription</Filter>
    </ClCompile>
    <ClCompile Include="LevCamera.cpp">
      <Filter>Source Files\SceneObject</Filter>
    </ClCompile>
    <ClCompile Include="LevLight.cpp">
      <Filter>Source Files\SceneObject</Filter>
    </ClCompile>
    <ClCompile Include="LevPointLight.cpp">
      <Filter>Source Files\SceneObject</Filter>
    </ClCompile>
    <ClCompile Include="LevResetObjModifiedVisitor.cpp">
      <Filter>Source Files\SceneVisitor</Filter>
    </ClCompile>
    <ClCompile Include="LevSceneTreeTraverseVisitor.cpp">
      <Filter>Source Files\SceneVisitor</Filter>
    </ClCompile>
    <ClCompile Include="LevSceneTreeSearchVisitor.cpp">
      <Filter>Source Files\SceneVisitor</Filter>
    </ClCompile>
    <ClCompile Include="LevSceneRenderAttribute.cpp">
      <Filter>Source Files\SceneAttribute\RenderAttribute</Filter>
    </ClCompile>
    <ClCompile Include="LevSceneLogicAttribute.cpp">
      <Filter>Source Files\SceneAttribute\LogicAttribute</Filter>
    </ClCompile>
    <ClCompile Include="LevSceneObjectAttribute.cpp">
      <Filter>Source Files\SceneAttribute</Filter>
    </ClCompile>
    <ClCompile Include="LevRAttrObjectColor.cpp">
      <Filter>Source Files\SceneAttribute\RenderAttribute</Filter>
    </ClCompile>
    <ClCompile Include="LevStateUpdaterVisitor.cpp">
      <Filter>Source Files\SceneVisitor</Filter>
    </ClCompile>
    <ClCompile Include="LevLRAttrModelTransform.cpp">
      <Filter>Source Files\SceneAttribute\MixAttribute</Filter>
    </ClCompile>
    <ClCompile Include="LevLRAttrWorldTransform.cpp">
      <Filter>Source Files\SceneAttribute\MixAttribute</Filter>
    </ClCompile>
    <ClCompile Include="LevLAttrLocalTransform.cpp">
      <Filter>Source Files\SceneAttribute\LogicAttribute</Filter>
    </ClCompile>
    <ClCompile Include="LevCalculateWorldCoordVisitor.cpp">
      <Filter>Source Files\SceneVisitor</Filter>
    </ClCompile>
    <ClCompile Include="LevSetObjectModifiedVisitor.cpp">
      <Filter>Source Files\SceneVisitor</Filter>
    </ClCompile>
    <ClCompile Include="LevTimerTickVisitor.cpp">
      <Filter>Source Files\SceneVisitor</Filter>
    </ClCompile>
    <ClCompile Include="LevRAttrPointSize.cpp">
      <Filter>Source Files\SceneAttribute\RenderAttribute</Filter>
    </ClCompile>
    <ClCompile Include="LevRAttrDepthFunc.cpp">
      <Filter>Source Files\SceneAttribute\RenderAttribute</Filter>
    </ClCompile>
    <ClCompile Include="LevRAttrVisible.cpp">
      <Filter>Source Files\SceneAttribute\RenderAttribute</Filter>
    </ClCompile>
    <ClCompile Include="LevRAttrLightEnable.cpp">
      <Filter>Source Files\SceneAttribute\RenderAttribute</Filter>
    </ClCompile>
    <ClCompile Include="LevRAttrShaderProgram.cpp">
      <Filter>Source Files\SceneAttribute\RenderAttribute</Filter>
    </ClCompile>
    <ClCompile Include="LevSceneUtil.cpp">
      <Filter>Source Files\SceneUtil</Filter>
    </ClCompile>
    <ClCompile Include="LevNormalScene.cpp">
      <Filter>Source Files</Filter>
    </ClCompile>
    <ClCompile Include="LevRAttrRenderObjectAttributeBinder.cpp">
      <Filter>Source Files\SceneAttribute\RenderAttribute</Filter>
    </ClCompile>
    <ClCompile Include="LevRAttrUniformManager.cpp">
      <Filter>Source Files\SceneAttribute\RenderAttribute</Filter>
    </ClCompile>
    <ClCompile Include="LevRenderStateDepthFunc.cpp">
      <Filter>Source Files\SceneAttribute\RenderAttribute\RenderState</Filter>
    </ClCompile>
    <ClCompile Include="LevRAttrRenderStateManager.cpp">
      <Filter>Source Files\SceneAttribute\RenderAttribute</Filter>
    </ClCompile>
    <ClCompile Include="LevFrameBufferObject.cpp">
      <Filter>Source Files\SceneAttribute\RenderAttribute\Advance</Filter>
    </ClCompile>
    <ClCompile Include="LevAttachment.cpp">
      <Filter>Source Files\SceneAttribute\RenderAttribute\Advance</Filter>
    </ClCompile>
    <ClCompile Include="LevTextureObject.cpp">
      <Filter>Source Files\SceneAttribute\RenderAttribute\Advance</Filter>
    </ClCompile>
    <ClCompile Include="LevRAttrTextureUniform.cpp">
      <Filter>Source Files\SceneAttribute\RenderAttribute</Filter>
    </ClCompile>
  </ItemGroup>
</Project>