<?xml version="1.0" encoding="utf-8"?>
<Project ToolsVersion="4.0" xmlns="http://schemas.microsoft.com/developer/msbuild/2003">
  <ItemGroup>
    <Filter Include="Interface">
      <UniqueIdentifier>{93995380-89BD-4b04-88EB-625FBE52EBFB}</UniqueIdentifier>
      <Extensions>h;hh;hpp;hxx;hm;inl;inc;xsd</Extensions>
    </Filter>
    <Filter Include="Implement">
      <UniqueIdentifier>{4FC737F1-C7A5-4376-A066-2A32D752A2FF}</UniqueIdentifier>
      <Extensions>cpp;c;cc;cxx;def;odl;idl;hpj;bat;asm;asmx</Extensions>
    </Filter>
  </ItemGroup>
  <ItemGroup>
    <ClCompile Include="SceneGraph.cpp">
      <Filter>Implement</Filter>
    </ClCompile>
    <ClCompile Include="SceneNode.cpp">
      <Filter>Implement</Filter>
    </ClCompile>
    <ClCompile Include="SceneOcTree.cpp">
      <Filter>Implement</Filter>
    </ClCompile>
    <ClCompile Include="SceneHelper.cpp">
      <Filter>Implement</Filter>
    </ClCompile>
    <ClCompile Include="CommonScene.cpp">
      <Filter>Implement</Filter>
    </ClCompile>
    <ClCompile Include="PointCloudScene.cpp">
      <Filter>Implement</Filter>
    </ClCompile>
    <ClCompile Include="TriDScene.cpp">
      <Filter>Implement</Filter>
    </ClCompile>
    <ClCompile Include="SceneRenderDataSet.cpp">
      <Filter>Implement</Filter>
    </ClCompile>
    <ClCompile Include="SceneLogicDataSet.cpp">
      <Filter>Implement</Filter>
    </ClCompile>
  </ItemGroup>
  <ItemGroup>
    <ClInclude Include="..\..\include\IScene.h">
      <Filter>Interface</Filter>
    </ClInclude>
    <ClInclude Include="..\..\include\SceneGraph.h">
      <Filter>Interface</Filter>
    </ClInclude>
    <ClInclude Include="..\..\include\SceneNode.h">
      <Filter>Interface</Filter>
    </ClInclude>
    <ClInclude Include="..\..\include\SceneNodeSearchVisitor.h">
      <Filter>Interface</Filter>
    </ClInclude>
    <ClInclude Include="..\..\include\SceneNodeSearchVisitor.hpp">
      <Filter>Interface</Filter>
    </ClInclude>
    <ClInclude Include="..\..\include\SceneNodeTraverseVisitor.h">
      <Filter>Interface</Filter>
    </ClInclude>
    <ClInclude Include="..\..\include\SceneNodeTraverseVisitor.hpp">
      <Filter>Interface</Filter>
    </ClInclude>
    <ClInclude Include="..\..\include\SceneOcTree.h">
      <Filter>Interface</Filter>
    </ClInclude>
    <ClInclude Include="SceneHelper.h">
      <Filter>Interface</Filter>
    </ClInclude>
    <ClInclude Include="..\..\include\CommonScene.h">
      <Filter>Interface</Filter>
    </ClInclude>
    <ClInclude Include="..\..\include\PointCloudScene.h">
      <Filter>Interface</Filter>
    </ClInclude>
    <ClInclude Include="..\..\include\TriDScene.h">
      <Filter>Interface</Filter>
    </ClInclude>
    <ClInclude Include="..\..\include\SceneLogicDataSet.h">
      <Filter>Interface</Filter>
    </ClInclude>
    <ClInclude Include="..\..\include\SceneRenderDataSet.h">
      <Filter>Interface</Filter>
    </ClInclude>
    <ClInclude Include="..\..\include\IPickable.h">
      <Filter>Implement</Filter>
    </ClInclude>
  </ItemGroup>
</Project>