<?xml version="1.0" encoding="utf-8"?>
<Project ToolsVersion="4.0" xmlns="http://schemas.microsoft.com/developer/msbuild/2003">
  <ItemGroup>
    <Filter Include="Model">
      <UniqueIdentifier>{cdce49b8-c1c0-47ad-abe3-d2c8affd9611}</UniqueIdentifier>
    </Filter>
    <Filter Include="Presenter">
      <UniqueIdentifier>{0841e954-0f3b-4f26-900e-e0cd2d8f94c2}</UniqueIdentifier>
    </Filter>
    <Filter Include="View">
      <UniqueIdentifier>{77fa59ad-1c15-4de5-828f-808485596ef6}</UniqueIdentifier>
    </Filter>
  </ItemGroup>
  <ItemGroup>
    <ClCompile Include="DataCenterImpl.cpp">
      <Filter>Model</Filter>
    </ClCompile>
    <ClCompile Include="ModelScheduler.cpp">
      <Filter>Model</Filter>
    </ClCompile>
    <ClCompile Include="PresenterScheduler.cpp">
      <Filter>Presenter</Filter>
    </ClCompile>
    <ClCompile Include="UserInterface.cpp">
      <Filter>Presenter</Filter>
    </ClCompile>
    <ClCompile Include="View.cpp">
      <Filter>View</Filter>
    </ClCompile>
    <ClCompile Include="ViewData.cpp">
      <Filter>View</Filter>
    </ClCompile>
    <ClCompile Include="ViewScheduler.cpp">
      <Filter>View</Filter>
    </ClCompile>
    <ClCompile Include="ViewData2.cpp">
      <Filter>View</Filter>
    </ClCompile>
    <ClCompile Include="View2.cpp">
      <Filter>View</Filter>
    </ClCompile>
    <ClCompile Include="LevRenderWindow.cpp">
      <Filter>View</Filter>
    </ClCompile>
  </ItemGroup>
  <ItemGroup>
    <ClInclude Include="DataCenterImpl.h">
      <Filter>Model</Filter>
    </ClInclude>
    <ClInclude Include="DataStorer.h">
      <Filter>Model</Filter>
    </ClInclude>
    <ClInclude Include="DataStorer.hpp">
      <Filter>Model</Filter>
    </ClInclude>
    <ClInclude Include="IDataCenter.h">
      <Filter>Model</Filter>
    </ClInclude>
    <ClInclude Include="ModelScheduler.h">
      <Filter>Model</Filter>
    </ClInclude>
    <ClInclude Include="PresenterScheduler.h">
      <Filter>Presenter</Filter>
    </ClInclude>
    <ClInclude Include="UserInterface.h">
      <Filter>Presenter</Filter>
    </ClInclude>
    <ClInclude Include="View.h">
      <Filter>View</Filter>
    </ClInclude>
    <ClInclude Include="ViewData.h">
      <Filter>View</Filter>
    </ClInclude>
    <ClInclude Include="ViewScheduler.h">
      <Filter>View</Filter>
    </ClInclude>
    <ClInclude Include="ViewData2.h">
      <Filter>View</Filter>
    </ClInclude>
    <ClInclude Include="View2.h">
      <Filter>View</Filter>
    </ClInclude>
    <ClInclude Include="LevRenderWindow.h">
      <Filter>View</Filter>
    </ClInclude>
  </ItemGroup>
</Project>