<?xml version="1.0" encoding="utf-8"?>
<Project ToolsVersion="4.0" xmlns="http://schemas.microsoft.com/developer/msbuild/2003">
  <ItemGroup>
    <Filter Include="Interface">
      <UniqueIdentifier>{297dc7f2-104c-4b0e-a50d-e05c59925a54}</UniqueIdentifier>
    </Filter>
    <Filter Include="Implement">
      <UniqueIdentifier>{8ac01367-8690-4b2c-b24e-22fe01705831}</UniqueIdentifier>
    </Filter>
  </ItemGroup>
  <ItemGroup>
    <ClCompile Include="CFileImportFactory.cpp">
      <Filter>Implement</Filter>
    </ClCompile>
    <ClCompile Include="CSTLFileImporter.cpp">
      <Filter>Implement</Filter>
    </ClCompile>
  </ItemGroup>
  <ItemGroup>
    <ClInclude Include="..\..\include\CFileImportFactory.h" />
    <ClInclude Include="..\..\include\CSTLFileImporter.h" />
    <ClInclude Include="..\..\include\IFileImporter.h" />
    <ClInclude Include="..\..\include\IFileImportFactory.h" />
    <ClInclude Include="..\..\include\ImporterRegister.h" />
  </ItemGroup>
</Project>