<?xml version="1.0" encoding="utf-8"?>
<Project ToolsVersion="4.0" xmlns="http://schemas.microsoft.com/developer/msbuild/2003">
  <ItemGroup>
    <Filter Include="BaseGraphics">
      <UniqueIdentifier>{817b7f5e-96d1-413d-a6c2-9c4db6d5d554}</UniqueIdentifier>
    </Filter>
    <Filter Include="Tool">
      <UniqueIdentifier>{ae0fc903-c7e4-48bf-ab0d-9c291f5c8fb9}</UniqueIdentifier>
    </Filter>
    <Filter Include="Other">
      <UniqueIdentifier>{93995380-89BD-4b04-88EB-625FBE52EBFB}</UniqueIdentifier>
      <Extensions>h;hh;hpp;hxx;hm;inl;inc;xsd</Extensions>
    </Filter>
  </ItemGroup>
  <ItemGroup>
    <ClCompile Include="CMesh.cpp">
      <Filter>BaseGraphics</Filter>
    </ClCompile>
    <ClCompile Include="KOcTree.cpp">
      <Filter>Tool</Filter>
    </ClCompile>
    <ClCompile Include="GeometryCalculator.cpp">
      <Filter>Tool</Filter>
    </ClCompile>
    <ClCompile Include="EventSystem.cpp">
      <Filter>Other</Filter>
    </ClCompile>
    <ClCompile Include="Light.cpp">
      <Filter>BaseGraphics</Filter>
    </ClCompile>
    <ClCompile Include="Camera.cpp">
      <Filter>BaseGraphics</Filter>
    </ClCompile>
  </ItemGroup>
  <ItemGroup>
    <ClInclude Include="..\..\include\Event.h">
      <Filter>Other</Filter>
    </ClInclude>
    <ClInclude Include="..\..\include\EventListener.h">
      <Filter>Other</Filter>
    </ClInclude>
    <ClInclude Include="..\..\include\EventSystem.h">
      <Filter>Other</Filter>
    </ClInclude>
    <ClInclude Include="..\..\include\Node.h">
      <Filter>Other</Filter>
    </ClInclude>
    <ClInclude Include="..\..\include\NodeVisitor.h">
      <Filter>Other</Filter>
    </ClInclude>
    <ClInclude Include="..\..\include\NodeVisitor.hpp">
      <Filter>Other</Filter>
    </ClInclude>
    <ClInclude Include="..\..\include\VectorOperation.h">
      <Filter>Other</Filter>
    </ClInclude>
    <ClInclude Include="..\..\include\AABB.h">
      <Filter>BaseGraphics</Filter>
    </ClInclude>
    <ClInclude Include="..\..\include\CMesh.h">
      <Filter>BaseGraphics</Filter>
    </ClInclude>
    <ClInclude Include="..\..\include\IMesh.h">
      <Filter>BaseGraphics</Filter>
    </ClInclude>
    <ClInclude Include="..\..\include\Material.h">
      <Filter>BaseGraphics</Filter>
    </ClInclude>
    <ClInclude Include="..\..\include\PointCloud.h">
      <Filter>BaseGraphics</Filter>
    </ClInclude>
    <ClInclude Include="..\..\include\GeometryCalculator.h">
      <Filter>Tool</Filter>
    </ClInclude>
    <ClInclude Include="..\..\include\KLog.h">
      <Filter>Tool</Filter>
    </ClInclude>
    <ClInclude Include="..\..\include\KOcTree.h">
      <Filter>Tool</Filter>
    </ClInclude>
    <ClInclude Include="..\..\include\KProfile.h">
      <Filter>Tool</Filter>
    </ClInclude>
    <ClInclude Include="..\..\include\LPtr.h">
      <Filter>Tool</Filter>
    </ClInclude>
    <ClInclude Include="..\..\include\LUPtr.h">
      <Filter>Tool</Filter>
    </ClInclude>
    <ClInclude Include="..\..\include\BaseMath.h">
      <Filter>Tool</Filter>
    </ClInclude>
    <ClInclude Include="..\..\include\DynamicArray.h">
      <Filter>Tool</Filter>
    </ClInclude>
    <ClInclude Include="..\..\include\GlobalDef.h">
      <Filter>Tool</Filter>
    </ClInclude>
    <ClInclude Include="..\..\include\PictureObject.h">
      <Filter>Tool</Filter>
    </ClInclude>
    <ClInclude Include="..\..\include\Light.h">
      <Filter>BaseGraphics</Filter>
    </ClInclude>
    <ClInclude Include="..\..\include\PointCloud.hpp">
      <Filter>BaseGraphics</Filter>
    </ClInclude>
    <ClInclude Include="..\..\include\Color.h">
      <Filter>BaseGraphics</Filter>
    </ClInclude>
    <ClInclude Include="..\..\include\Camera.h">
      <Filter>BaseGraphics</Filter>
    </ClInclude>
  </ItemGroup>
</Project>